
Microsoft Visual Studio Solution File, Format Version 12.00
# Visual Studio Version 16
VisualStudioVersion = 16.0.29806.167
MinimumVisualStudioVersion = 10.0.40219.1
Project("{FAE04EC0-301F-11D3-BF4B-00C04F79EFBC}") = "FakeHackApplication", "FakeHackApplication\FakeHackApplication.csproj", "{79F9EEF3-B38F-4C29-BFE8-679364C3F743}"
EndProject
Global
	GlobalSection(SolutionConfigurationPlatforms) = preSolution
		Debug|Any CPU = Debug|Any CPU
		Release|Any CPU = Release|Any CPU
	EndGlobalSection
	GlobalSection(ProjectConfigurationPlatforms) = postSolution
		{79F9EEF3-B38F-4C29-BFE8-679364C3F743}.Debug|Any CPU.ActiveCfg = Debug|Any CPU
		{79F9EEF3-B38F-4C29-BFE8-679364C3F743}.Debug|Any CPU.Build.0 = Debug|Any CPU
		{79F9EEF3-B38F-4C29-BFE8-679364C3F743}.Release|Any CPU.ActiveCfg = Release|Any CPU
		{79F9EEF3-B38F-4C29-BFE8-679364C3F743}.Release|Any CPU.Build.0 = Release|Any CPU
	EndGlobalSection
	GlobalSection(SolutionProperties) = preSolution
		HideSolutionNode = FALSE
	EndGlobalSection
	GlobalSection(ExtensibilityGlobals) = postSolution
		SolutionGuid = {30EFD9E3-6BB6-4448-A72D-667491F0CE8B}
	EndGlobalSection
EndGlobal
